// !$*UTF8*$!
{
	archiveVersion = 1;
	classes = {
	};
	objectVersion = 50;
	objects = {

/* Begin PBXBuildFile section */
		1241E0A02411A84E00C00C9C /* QuizViewControllerTwo.swift in Sources */ = {isa = PBXBuildFile; fileRef = 1241E09F2411A84E00C00C9C /* QuizViewControllerTwo.swift */; };
		1241E0A22411A85E00C00C9C /* QuizViewControllerThree.swift in Sources */ = {isa = PBXBuildFile; fileRef = 1241E0A12411A85E00C00C9C /* QuizViewControllerThree.swift */; };
		1241E0A42411A87000C00C9C /* QuizViewControllerFour.swift in Sources */ = {isa = PBXBuildFile; fileRef = 1241E0A32411A87000C00C9C /* QuizViewControllerFour.swift */; };
		1241E0A62411A88000C00C9C /* QuizViewControllerFive.swift in Sources */ = {isa = PBXBuildFile; fileRef = 1241E0A52411A88000C00C9C /* QuizViewControllerFive.swift */; };
		1241E0A82411A88C00C00C9C /* QuizViewControllerSix.swift in Sources */ = {isa = PBXBuildFile; fileRef = 1241E0A72411A88C00C00C9C /* QuizViewControllerSix.swift */; };
		1241E0AA2411A89800C00C9C /* QuizViewControllerSeven.swift in Sources */ = {isa = PBXBuildFile; fileRef = 1241E0A92411A89800C00C9C /* QuizViewControllerSeven.swift */; };
		1241E0AC2411A8A200C00C9C /* QuizViewControllerEight.swift in Sources */ = {isa = PBXBuildFile; fileRef = 1241E0AB2411A8A200C00C9C /* QuizViewControllerEight.swift */; };
		1241E0AE2411A8B300C00C9C /* QuizViewControllerNine.swift in Sources */ = {isa = PBXBuildFile; fileRef = 1241E0AD2411A8B300C00C9C /* QuizViewControllerNine.swift */; };
		1241E0B02411A8D500C00C9C /* QuizViewControllerTen.swift in Sources */ = {isa = PBXBuildFile; fileRef = 1241E0AF2411A8D500C00C9C /* QuizViewControllerTen.swift */; };
		1241E0B22411CA6200C00C9C /* QuizFinishedViewController.swift in Sources */ = {isa = PBXBuildFile; fileRef = 1241E0B12411CA6200C00C9C /* QuizFinishedViewController.swift */; };
		1241E0B72411F4A400C00C9C /* Score.swift in Sources */ = {isa = PBXBuildFile; fileRef = 1241E0B62411F4A400C00C9C /* Score.swift */; };
		125D6281240E04AE00BD145C /* FormationSelectionViewController.swift in Sources */ = {isa = PBXBuildFile; fileRef = 125D6280240E04AE00BD145C /* FormationSelectionViewController.swift */; };
		125D6283240E15CD00BD145C /* Quiz.storyboard in Resources */ = {isa = PBXBuildFile; fileRef = 125D6282240E15CD00BD145C /* Quiz.storyboard */; };
		125D6294240E1AFA00BD145C /* E12-BubbleYSwitch-Snap3.mp3 in Resources */ = {isa = PBXBuildFile; fileRef = 125D628A240E1AF800BD145C /* E12-BubbleYSwitch-Snap3.mp3 */; };
		125D6295240E1AFA00BD145C /* E12-Combo-S23-Snap3.mp3 in Resources */ = {isa = PBXBuildFile; fileRef = 125D628B240E1AF800BD145C /* E12-Combo-S23-Snap3.mp3 */; };
		125D6296240E1AFA00BD145C /* E12-MotionZSweep-Snap1.mp3 in Resources */ = {isa = PBXBuildFile; fileRef = 125D628C240E1AF800BD145C /* E12-MotionZSweep-Snap1.mp3 */; };
		125D6297240E1AFA00BD145C /* E12-DoublePassFlyGo-Snap2.mp3 in Resources */ = {isa = PBXBuildFile; fileRef = 125D628D240E1AF900BD145C /* E12-DoublePassFlyGo-Snap2.mp3 */; };
		125D6298240E1AFA00BD145C /* E12-QBSneak-Snap1.mp3 in Resources */ = {isa = PBXBuildFile; fileRef = 125D628E240E1AF900BD145C /* E12-QBSneak-Snap1.mp3 */; };
		125D6299240E1AFA00BD145C /* E12-SlantRightX-Snap2.mp3 in Resources */ = {isa = PBXBuildFile; fileRef = 125D628F240E1AF900BD145C /* E12-SlantRightX-Snap2.mp3 */; };
		125D629A240E1AFA00BD145C /* E12-AllStreaksGo-Snap3.mp3 in Resources */ = {isa = PBXBuildFile; fileRef = 125D6290240E1AF900BD145C /* E12-AllStreaksGo-Snap3.mp3 */; };
		125D629B240E1AFA00BD145C /* E12-ChristineSpecialY-Snap2.mp3 in Resources */ = {isa = PBXBuildFile; fileRef = 125D6291240E1AFA00BD145C /* E12-ChristineSpecialY-Snap2.mp3 */; };
		125D629C240E1AFA00BD145C /* E12-BubbleScreen14-Snap4.mp3 in Resources */ = {isa = PBXBuildFile; fileRef = 125D6292240E1AFA00BD145C /* E12-BubbleScreen14-Snap4.mp3 */; };
		125D629D240E1AFA00BD145C /* E12-HitchZOpen-Snap2.mp3 in Resources */ = {isa = PBXBuildFile; fileRef = 125D6293240E1AFA00BD145C /* E12-HitchZOpen-Snap2.mp3 */; };
		128487E72406FD9E000DC6F5 /* AppDelegate.swift in Sources */ = {isa = PBXBuildFile; fileRef = 128487E62406FD9E000DC6F5 /* AppDelegate.swift */; };
		128487E92406FD9E000DC6F5 /* SceneDelegate.swift in Sources */ = {isa = PBXBuildFile; fileRef = 128487E82406FD9E000DC6F5 /* SceneDelegate.swift */; };
		128487EE2406FD9E000DC6F5 /* Main.storyboard in Resources */ = {isa = PBXBuildFile; fileRef = 128487EC2406FD9E000DC6F5 /* Main.storyboard */; };
		128487F02406FDA1000DC6F5 /* Assets.xcassets in Resources */ = {isa = PBXBuildFile; fileRef = 128487EF2406FDA1000DC6F5 /* Assets.xcassets */; };
		128487F32406FDA1000DC6F5 /* LaunchScreen.storyboard in Resources */ = {isa = PBXBuildFile; fileRef = 128487F12406FDA1000DC6F5 /* LaunchScreen.storyboard */; };
		128FBED824071119001CCE8A /* SportSelection.storyboard in Resources */ = {isa = PBXBuildFile; fileRef = 128FBED724071119001CCE8A /* SportSelection.storyboard */; };
		128FBEDA24071133001CCE8A /* LevelSelection.storyboard in Resources */ = {isa = PBXBuildFile; fileRef = 128FBED924071133001CCE8A /* LevelSelection.storyboard */; };
		128FBEDC24071567001CCE8A /* TeamSelection.storyboard in Resources */ = {isa = PBXBuildFile; fileRef = 128FBEDB24071567001CCE8A /* TeamSelection.storyboard */; };
		128FBEDE24071D84001CCE8A /* PositionSelection.storyboard in Resources */ = {isa = PBXBuildFile; fileRef = 128FBEDD24071D84001CCE8A /* PositionSelection.storyboard */; };
		128FBEE3240725F7001CCE8A /* FormationSelection.storyboard in Resources */ = {isa = PBXBuildFile; fileRef = 128FBEE2240725F7001CCE8A /* FormationSelection.storyboard */; };
		128FBEE6240726B7001CCE8A /* MainViewController.swift in Sources */ = {isa = PBXBuildFile; fileRef = 128FBEE5240726B7001CCE8A /* MainViewController.swift */; };
		128FBEE8240726CD001CCE8A /* LevelSelectionViewController.swift in Sources */ = {isa = PBXBuildFile; fileRef = 128FBEE7240726CD001CCE8A /* LevelSelectionViewController.swift */; };
		128FBEEA240726D7001CCE8A /* SportSelectionViewController.swift in Sources */ = {isa = PBXBuildFile; fileRef = 128FBEE9240726D7001CCE8A /* SportSelectionViewController.swift */; };
		128FBEEC240726F1001CCE8A /* TeamSelectionViewController.swift in Sources */ = {isa = PBXBuildFile; fileRef = 128FBEEB240726F1001CCE8A /* TeamSelectionViewController.swift */; };
		128FBEEE24072705001CCE8A /* PositionSelectionViewController.swift in Sources */ = {isa = PBXBuildFile; fileRef = 128FBEED24072705001CCE8A /* PositionSelectionViewController.swift */; };
		128FBEF5240744B1001CCE8A /* FormationCollectionViewCell.swift in Sources */ = {isa = PBXBuildFile; fileRef = 128FBEF4240744B1001CCE8A /* FormationCollectionViewCell.swift */; };
		128FBEF7240754D4001CCE8A /* Formation.swift in Sources */ = {isa = PBXBuildFile; fileRef = 128FBEF6240754D4001CCE8A /* Formation.swift */; };
		128FBEF9240756F5001CCE8A /* FormationController.swift in Sources */ = {isa = PBXBuildFile; fileRef = 128FBEF8240756F5001CCE8A /* FormationController.swift */; };
		12C5DB1424109B4A00348314 /* AudioFile.swift in Sources */ = {isa = PBXBuildFile; fileRef = 12C5DB1324109B4A00348314 /* AudioFile.swift */; };
		12C5DB1624109C1800348314 /* AudioFileController.swift in Sources */ = {isa = PBXBuildFile; fileRef = 12C5DB1524109C1800348314 /* AudioFileController.swift */; };
		12C5DB182410A80100348314 /* SoundController.swift in Sources */ = {isa = PBXBuildFile; fileRef = 12C5DB172410A80100348314 /* SoundController.swift */; };
		12C5DB1A241164A600348314 /* QuizViewControllerOne.swift in Sources */ = {isa = PBXBuildFile; fileRef = 12C5DB19241164A600348314 /* QuizViewControllerOne.swift */; };
		C3C5415024077F97001CEB16 /* LevelController.swift in Sources */ = {isa = PBXBuildFile; fileRef = C3C5414F24077F97001CEB16 /* LevelController.swift */; };
		C3C5415224077FA9001CEB16 /* SportController.swift in Sources */ = {isa = PBXBuildFile; fileRef = C3C5415124077FA9001CEB16 /* SportController.swift */; };
		C3C5415424077FBF001CEB16 /* TeamController.swift in Sources */ = {isa = PBXBuildFile; fileRef = C3C5415324077FBF001CEB16 /* TeamController.swift */; };
		C3C54158240A04EE001CEB16 /* PositionController.swift in Sources */ = {isa = PBXBuildFile; fileRef = C3C54157240A04EE001CEB16 /* PositionController.swift */; };
/* End PBXBuildFile section */

/* Begin PBXFileReference section */
		1241E09F2411A84E00C00C9C /* QuizViewControllerTwo.swift */ = {isa = PBXFileReference; lastKnownFileType = sourcecode.swift; path = QuizViewControllerTwo.swift; sourceTree = "<group>"; };
		1241E0A12411A85E00C00C9C /* QuizViewControllerThree.swift */ = {isa = PBXFileReference; lastKnownFileType = sourcecode.swift; path = QuizViewControllerThree.swift; sourceTree = "<group>"; };
		1241E0A32411A87000C00C9C /* QuizViewControllerFour.swift */ = {isa = PBXFileReference; lastKnownFileType = sourcecode.swift; path = QuizViewControllerFour.swift; sourceTree = "<group>"; };
		1241E0A52411A88000C00C9C /* QuizViewControllerFive.swift */ = {isa = PBXFileReference; lastKnownFileType = sourcecode.swift; path = QuizViewControllerFive.swift; sourceTree = "<group>"; };
		1241E0A72411A88C00C00C9C /* QuizViewControllerSix.swift */ = {isa = PBXFileReference; lastKnownFileType = sourcecode.swift; path = QuizViewControllerSix.swift; sourceTree = "<group>"; };
		1241E0A92411A89800C00C9C /* QuizViewControllerSeven.swift */ = {isa = PBXFileReference; lastKnownFileType = sourcecode.swift; path = QuizViewControllerSeven.swift; sourceTree = "<group>"; };
		1241E0AB2411A8A200C00C9C /* QuizViewControllerEight.swift */ = {isa = PBXFileReference; lastKnownFileType = sourcecode.swift; path = QuizViewControllerEight.swift; sourceTree = "<group>"; };
		1241E0AD2411A8B300C00C9C /* QuizViewControllerNine.swift */ = {isa = PBXFileReference; lastKnownFileType = sourcecode.swift; path = QuizViewControllerNine.swift; sourceTree = "<group>"; };
		1241E0AF2411A8D500C00C9C /* QuizViewControllerTen.swift */ = {isa = PBXFileReference; lastKnownFileType = sourcecode.swift; path = QuizViewControllerTen.swift; sourceTree = "<group>"; };
		1241E0B12411CA6200C00C9C /* QuizFinishedViewController.swift */ = {isa = PBXFileReference; lastKnownFileType = sourcecode.swift; path = QuizFinishedViewController.swift; sourceTree = "<group>"; };
		1241E0B62411F4A400C00C9C /* Score.swift */ = {isa = PBXFileReference; lastKnownFileType = sourcecode.swift; path = Score.swift; sourceTree = "<group>"; };
		125D6280240E04AE00BD145C /* FormationSelectionViewController.swift */ = {isa = PBXFileReference; lastKnownFileType = sourcecode.swift; path = FormationSelectionViewController.swift; sourceTree = "<group>"; };
		125D6282240E15CD00BD145C /* Quiz.storyboard */ = {isa = PBXFileReference; lastKnownFileType = file.storyboard; path = Quiz.storyboard; sourceTree = "<group>"; };
		125D628A240E1AF800BD145C /* E12-BubbleYSwitch-Snap3.mp3 */ = {isa = PBXFileReference; lastKnownFileType = audio.mp3; path = "E12-BubbleYSwitch-Snap3.mp3"; sourceTree = "<group>"; };
		125D628B240E1AF800BD145C /* E12-Combo-S23-Snap3.mp3 */ = {isa = PBXFileReference; lastKnownFileType = audio.mp3; path = "E12-Combo-S23-Snap3.mp3"; sourceTree = "<group>"; };
		125D628C240E1AF800BD145C /* E12-MotionZSweep-Snap1.mp3 */ = {isa = PBXFileReference; lastKnownFileType = audio.mp3; path = "E12-MotionZSweep-Snap1.mp3"; sourceTree = "<group>"; };
		125D628D240E1AF900BD145C /* E12-DoublePassFlyGo-Snap2.mp3 */ = {isa = PBXFileReference; lastKnownFileType = audio.mp3; path = "E12-DoublePassFlyGo-Snap2.mp3"; sourceTree = "<group>"; };
		125D628E240E1AF900BD145C /* E12-QBSneak-Snap1.mp3 */ = {isa = PBXFileReference; lastKnownFileType = audio.mp3; path = "E12-QBSneak-Snap1.mp3"; sourceTree = "<group>"; };
		125D628F240E1AF900BD145C /* E12-SlantRightX-Snap2.mp3 */ = {isa = PBXFileReference; lastKnownFileType = audio.mp3; path = "E12-SlantRightX-Snap2.mp3"; sourceTree = "<group>"; };
		125D6290240E1AF900BD145C /* E12-AllStreaksGo-Snap3.mp3 */ = {isa = PBXFileReference; lastKnownFileType = audio.mp3; path = "E12-AllStreaksGo-Snap3.mp3"; sourceTree = "<group>"; };
		125D6291240E1AFA00BD145C /* E12-ChristineSpecialY-Snap2.mp3 */ = {isa = PBXFileReference; lastKnownFileType = audio.mp3; path = "E12-ChristineSpecialY-Snap2.mp3"; sourceTree = "<group>"; };
		125D6292240E1AFA00BD145C /* E12-BubbleScreen14-Snap4.mp3 */ = {isa = PBXFileReference; lastKnownFileType = audio.mp3; path = "E12-BubbleScreen14-Snap4.mp3"; sourceTree = "<group>"; };
		125D6293240E1AFA00BD145C /* E12-HitchZOpen-Snap2.mp3 */ = {isa = PBXFileReference; lastKnownFileType = audio.mp3; path = "E12-HitchZOpen-Snap2.mp3"; sourceTree = "<group>"; };
		128487E32406FD9E000DC6F5 /* PlayCall.app */ = {isa = PBXFileReference; explicitFileType = wrapper.application; includeInIndex = 0; path = PlayCall.app; sourceTree = BUILT_PRODUCTS_DIR; };
		128487E62406FD9E000DC6F5 /* AppDelegate.swift */ = {isa = PBXFileReference; lastKnownFileType = sourcecode.swift; path = AppDelegate.swift; sourceTree = "<group>"; };
		128487E82406FD9E000DC6F5 /* SceneDelegate.swift */ = {isa = PBXFileReference; lastKnownFileType = sourcecode.swift; path = SceneDelegate.swift; sourceTree = "<group>"; };
		128487ED2406FD9E000DC6F5 /* Base */ = {isa = PBXFileReference; lastKnownFileType = file.storyboard; name = Base; path = Base.lproj/Main.storyboard; sourceTree = "<group>"; };
		128487EF2406FDA1000DC6F5 /* Assets.xcassets */ = {isa = PBXFileReference; lastKnownFileType = folder.assetcatalog; path = Assets.xcassets; sourceTree = "<group>"; };
		128487F22406FDA1000DC6F5 /* Base */ = {isa = PBXFileReference; lastKnownFileType = file.storyboard; name = Base; path = Base.lproj/LaunchScreen.storyboard; sourceTree = "<group>"; };
		128487F42406FDA1000DC6F5 /* Info.plist */ = {isa = PBXFileReference; lastKnownFileType = text.plist.xml; path = Info.plist; sourceTree = "<group>"; };
		128FBED724071119001CCE8A /* SportSelection.storyboard */ = {isa = PBXFileReference; lastKnownFileType = file.storyboard; path = SportSelection.storyboard; sourceTree = "<group>"; };
		128FBED924071133001CCE8A /* LevelSelection.storyboard */ = {isa = PBXFileReference; lastKnownFileType = file.storyboard; path = LevelSelection.storyboard; sourceTree = "<group>"; };
		128FBEDB24071567001CCE8A /* TeamSelection.storyboard */ = {isa = PBXFileReference; lastKnownFileType = file.storyboard; path = TeamSelection.storyboard; sourceTree = "<group>"; };
		128FBEDD24071D84001CCE8A /* PositionSelection.storyboard */ = {isa = PBXFileReference; lastKnownFileType = file.storyboard; path = PositionSelection.storyboard; sourceTree = "<group>"; };
		128FBEE2240725F7001CCE8A /* FormationSelection.storyboard */ = {isa = PBXFileReference; lastKnownFileType = file.storyboard; path = FormationSelection.storyboard; sourceTree = "<group>"; };
		128FBEE5240726B7001CCE8A /* MainViewController.swift */ = {isa = PBXFileReference; lastKnownFileType = sourcecode.swift; path = MainViewController.swift; sourceTree = "<group>"; };
		128FBEE7240726CD001CCE8A /* LevelSelectionViewController.swift */ = {isa = PBXFileReference; lastKnownFileType = sourcecode.swift; path = LevelSelectionViewController.swift; sourceTree = "<group>"; };
		128FBEE9240726D7001CCE8A /* SportSelectionViewController.swift */ = {isa = PBXFileReference; lastKnownFileType = sourcecode.swift; path = SportSelectionViewController.swift; sourceTree = "<group>"; };
		128FBEEB240726F1001CCE8A /* TeamSelectionViewController.swift */ = {isa = PBXFileReference; lastKnownFileType = sourcecode.swift; path = TeamSelectionViewController.swift; sourceTree = "<group>"; };
		128FBEED24072705001CCE8A /* PositionSelectionViewController.swift */ = {isa = PBXFileReference; lastKnownFileType = sourcecode.swift; path = PositionSelectionViewController.swift; sourceTree = "<group>"; };
		128FBEF4240744B1001CCE8A /* FormationCollectionViewCell.swift */ = {isa = PBXFileReference; lastKnownFileType = sourcecode.swift; path = FormationCollectionViewCell.swift; sourceTree = "<group>"; };
		128FBEF6240754D4001CCE8A /* Formation.swift */ = {isa = PBXFileReference; lastKnownFileType = sourcecode.swift; path = Formation.swift; sourceTree = "<group>"; };
		128FBEF8240756F5001CCE8A /* FormationController.swift */ = {isa = PBXFileReference; lastKnownFileType = sourcecode.swift; path = FormationController.swift; sourceTree = "<group>"; };
		12C5DB1324109B4A00348314 /* AudioFile.swift */ = {isa = PBXFileReference; lastKnownFileType = sourcecode.swift; path = AudioFile.swift; sourceTree = "<group>"; };
		12C5DB1524109C1800348314 /* AudioFileController.swift */ = {isa = PBXFileReference; lastKnownFileType = sourcecode.swift; path = AudioFileController.swift; sourceTree = "<group>"; };
		12C5DB172410A80100348314 /* SoundController.swift */ = {isa = PBXFileReference; lastKnownFileType = sourcecode.swift; path = SoundController.swift; sourceTree = "<group>"; };
		12C5DB19241164A600348314 /* QuizViewControllerOne.swift */ = {isa = PBXFileReference; lastKnownFileType = sourcecode.swift; path = QuizViewControllerOne.swift; sourceTree = "<group>"; };
		C3C5414F24077F97001CEB16 /* LevelController.swift */ = {isa = PBXFileReference; lastKnownFileType = sourcecode.swift; path = LevelController.swift; sourceTree = "<group>"; };
		C3C5415124077FA9001CEB16 /* SportController.swift */ = {isa = PBXFileReference; lastKnownFileType = sourcecode.swift; path = SportController.swift; sourceTree = "<group>"; };
		C3C5415324077FBF001CEB16 /* TeamController.swift */ = {isa = PBXFileReference; lastKnownFileType = sourcecode.swift; path = TeamController.swift; sourceTree = "<group>"; };
		C3C54157240A04EE001CEB16 /* PositionController.swift */ = {isa = PBXFileReference; lastKnownFileType = sourcecode.swift; path = PositionController.swift; sourceTree = "<group>"; };
/* End PBXFileReference section */

/* Begin PBXFrameworksBuildPhase section */
		128487E02406FD9E000DC6F5 /* Frameworks */ = {
			isa = PBXFrameworksBuildPhase;
			buildActionMask = 2147483647;
			files = (
			);
			runOnlyForDeploymentPostprocessing = 0;
		};
/* End PBXFrameworksBuildPhase section */

/* Begin PBXGroup section */
		125D6286240E1A6400BD145C /* TableViewCells */ = {
			isa = PBXGroup;
			children = (
			);
			path = TableViewCells;
			sourceTree = "<group>";
		};
		125D6287240E1AD600BD145C /* Audio */ = {
			isa = PBXGroup;
			children = (
				125D6288240E1ADF00BD145C /* Formations */,
			);
			path = Audio;
			sourceTree = "<group>";
		};
		125D6288240E1ADF00BD145C /* Formations */ = {
			isa = PBXGroup;
			children = (
				125D6289240E1AE500BD145C /* EmptyFormation */,
			);
			path = Formations;
			sourceTree = "<group>";
		};
		125D6289240E1AE500BD145C /* EmptyFormation */ = {
			isa = PBXGroup;
			children = (
				125D6290240E1AF900BD145C /* E12-AllStreaksGo-Snap3.mp3 */,
				125D6292240E1AFA00BD145C /* E12-BubbleScreen14-Snap4.mp3 */,
				125D628A240E1AF800BD145C /* E12-BubbleYSwitch-Snap3.mp3 */,
				125D6291240E1AFA00BD145C /* E12-ChristineSpecialY-Snap2.mp3 */,
				125D628B240E1AF800BD145C /* E12-Combo-S23-Snap3.mp3 */,
				125D628D240E1AF900BD145C /* E12-DoublePassFlyGo-Snap2.mp3 */,
				125D6293240E1AFA00BD145C /* E12-HitchZOpen-Snap2.mp3 */,
				125D628C240E1AF800BD145C /* E12-MotionZSweep-Snap1.mp3 */,
				125D628E240E1AF900BD145C /* E12-QBSneak-Snap1.mp3 */,
				125D628F240E1AF900BD145C /* E12-SlantRightX-Snap2.mp3 */,
			);
			path = EmptyFormation;
			sourceTree = "<group>";
		};
		128487DA2406FD9E000DC6F5 = {
			isa = PBXGroup;
			children = (
				128487E52406FD9E000DC6F5 /* PlayCall */,
				128487E42406FD9E000DC6F5 /* Products */,
			);
			sourceTree = "<group>";
		};
		128487E42406FD9E000DC6F5 /* Products */ = {
			isa = PBXGroup;
			children = (
				128487E32406FD9E000DC6F5 /* PlayCall.app */,
			);
			name = Products;
			sourceTree = "<group>";
		};
		128487E52406FD9E000DC6F5 /* PlayCall */ = {
			isa = PBXGroup;
			children = (
				128FBED224070818001CCE8A /* Model */,
				128FBED124070813001CCE8A /* Views */,
				128FBED02407080B001CCE8A /* Controllers */,
				128FBEDF240722EF001CCE8A /* Storyboards */,
				128FBECF240707FC001CCE8A /* Resources */,
				128487F42406FDA1000DC6F5 /* Info.plist */,
			);
			path = PlayCall;
			sourceTree = "<group>";
		};
		128FBECF240707FC001CCE8A /* Resources */ = {
			isa = PBXGroup;
			children = (
				125D6287240E1AD600BD145C /* Audio */,
				128487E62406FD9E000DC6F5 /* AppDelegate.swift */,
				128487E82406FD9E000DC6F5 /* SceneDelegate.swift */,
				128487EF2406FDA1000DC6F5 /* Assets.xcassets */,
				128487F12406FDA1000DC6F5 /* LaunchScreen.storyboard */,
			);
			path = Resources;
			sourceTree = "<group>";
		};
		128FBED02407080B001CCE8A /* Controllers */ = {
			isa = PBXGroup;
			children = (
				128FBED42407082A001CCE8A /* ModelControllers */,
				128FBEE424072699001CCE8A /* ViewControllers */,
			);
			path = Controllers;
			sourceTree = "<group>";
		};
		128FBED124070813001CCE8A /* Views */ = {
			isa = PBXGroup;
			children = (
				128FBEE1240724FF001CCE8A /* CollectionViewCells */,
				125D6286240E1A6400BD145C /* TableViewCells */,
			);
			path = Views;
			sourceTree = "<group>";
		};
		128FBED224070818001CCE8A /* Model */ = {
			isa = PBXGroup;
			children = (
				128FBEF6240754D4001CCE8A /* Formation.swift */,
				12C5DB1324109B4A00348314 /* AudioFile.swift */,
				1241E0B62411F4A400C00C9C /* Score.swift */,
			);
			path = Model;
			sourceTree = "<group>";
		};
		128FBED42407082A001CCE8A /* ModelControllers */ = {
			isa = PBXGroup;
			children = (
				C3C5414F24077F97001CEB16 /* LevelController.swift */,
				C3C5415124077FA9001CEB16 /* SportController.swift */,
				C3C5415324077FBF001CEB16 /* TeamController.swift */,
				C3C54157240A04EE001CEB16 /* PositionController.swift */,
				128FBEF8240756F5001CCE8A /* FormationController.swift */,
				12C5DB1524109C1800348314 /* AudioFileController.swift */,
			);
			path = ModelControllers;
			sourceTree = "<group>";
		};
		128FBEDF240722EF001CCE8A /* Storyboards */ = {
			isa = PBXGroup;
			children = (
				128487EC2406FD9E000DC6F5 /* Main.storyboard */,
				128FBED924071133001CCE8A /* LevelSelection.storyboard */,
				128FBED724071119001CCE8A /* SportSelection.storyboard */,
				128FBEDB24071567001CCE8A /* TeamSelection.storyboard */,
				128FBEDD24071D84001CCE8A /* PositionSelection.storyboard */,
				128FBEE2240725F7001CCE8A /* FormationSelection.storyboard */,
				125D6282240E15CD00BD145C /* Quiz.storyboard */,
			);
			path = Storyboards;
			sourceTree = "<group>";
		};
		128FBEE1240724FF001CCE8A /* CollectionViewCells */ = {
			isa = PBXGroup;
			children = (
				128FBEF4240744B1001CCE8A /* FormationCollectionViewCell.swift */,
			);
			path = CollectionViewCells;
			sourceTree = "<group>";
		};
		128FBEE424072699001CCE8A /* ViewControllers */ = {
			isa = PBXGroup;
			children = (
				128FBEE5240726B7001CCE8A /* MainViewController.swift */,
				128FBEE7240726CD001CCE8A /* LevelSelectionViewController.swift */,
				128FBEE9240726D7001CCE8A /* SportSelectionViewController.swift */,
				128FBEEB240726F1001CCE8A /* TeamSelectionViewController.swift */,
				128FBEED24072705001CCE8A /* PositionSelectionViewController.swift */,
				125D6280240E04AE00BD145C /* FormationSelectionViewController.swift */,
				12C5DB172410A80100348314 /* SoundController.swift */,
				12C5DB19241164A600348314 /* QuizViewControllerOne.swift */,
				1241E09F2411A84E00C00C9C /* QuizViewControllerTwo.swift */,
				1241E0A12411A85E00C00C9C /* QuizViewControllerThree.swift */,
				1241E0A32411A87000C00C9C /* QuizViewControllerFour.swift */,
				1241E0A52411A88000C00C9C /* QuizViewControllerFive.swift */,
				1241E0A72411A88C00C00C9C /* QuizViewControllerSix.swift */,
				1241E0A92411A89800C00C9C /* QuizViewControllerSeven.swift */,
				1241E0AB2411A8A200C00C9C /* QuizViewControllerEight.swift */,
				1241E0AD2411A8B300C00C9C /* QuizViewControllerNine.swift */,
				1241E0AF2411A8D500C00C9C /* QuizViewControllerTen.swift */,
				1241E0B12411CA6200C00C9C /* QuizFinishedViewController.swift */,
			);
			path = ViewControllers;
			sourceTree = "<group>";
		};
/* End PBXGroup section */

/* Begin PBXNativeTarget section */
		128487E22406FD9E000DC6F5 /* PlayCall */ = {
			isa = PBXNativeTarget;
			buildConfigurationList = 128487F72406FDA1000DC6F5 /* Build configuration list for PBXNativeTarget "PlayCall" */;
			buildPhases = (
				128487DF2406FD9E000DC6F5 /* Sources */,
				128487E02406FD9E000DC6F5 /* Frameworks */,
				128487E12406FD9E000DC6F5 /* Resources */,
			);
			buildRules = (
			);
			dependencies = (
			);
			name = PlayCall;
			productName = PlayCall;
			productReference = 128487E32406FD9E000DC6F5 /* PlayCall.app */;
			productType = "com.apple.product-type.application";
		};
/* End PBXNativeTarget section */

/* Begin PBXProject section */
		128487DB2406FD9E000DC6F5 /* Project object */ = {
			isa = PBXProject;
			attributes = {
				LastSwiftUpdateCheck = 1130;
				LastUpgradeCheck = 1130;
				ORGANIZATIONNAME = Lambda;
				TargetAttributes = {
					128487E22406FD9E000DC6F5 = {
						CreatedOnToolsVersion = 11.3.1;
					};
				};
			};
			buildConfigurationList = 128487DE2406FD9E000DC6F5 /* Build configuration list for PBXProject "PlayCall" */;
			compatibilityVersion = "Xcode 9.3";
			developmentRegion = en;
			hasScannedForEncodings = 0;
			knownRegions = (
				en,
				Base,
			);
			mainGroup = 128487DA2406FD9E000DC6F5;
			productRefGroup = 128487E42406FD9E000DC6F5 /* Products */;
			projectDirPath = "";
			projectRoot = "";
			targets = (
				128487E22406FD9E000DC6F5 /* PlayCall */,
			);
		};
/* End PBXProject section */

/* Begin PBXResourcesBuildPhase section */
		128487E12406FD9E000DC6F5 /* Resources */ = {
			isa = PBXResourcesBuildPhase;
			buildActionMask = 2147483647;
			files = (
				125D629D240E1AFA00BD145C /* E12-HitchZOpen-Snap2.mp3 in Resources */,
				125D6295240E1AFA00BD145C /* E12-Combo-S23-Snap3.mp3 in Resources */,
				125D6298240E1AFA00BD145C /* E12-QBSneak-Snap1.mp3 in Resources */,
				125D6299240E1AFA00BD145C /* E12-SlantRightX-Snap2.mp3 in Resources */,
				125D6294240E1AFA00BD145C /* E12-BubbleYSwitch-Snap3.mp3 in Resources */,
				128FBEDC24071567001CCE8A /* TeamSelection.storyboard in Resources */,
				125D6297240E1AFA00BD145C /* E12-DoublePassFlyGo-Snap2.mp3 in Resources */,
				128FBEE3240725F7001CCE8A /* FormationSelection.storyboard in Resources */,
				128487F32406FDA1000DC6F5 /* LaunchScreen.storyboard in Resources */,
				128FBEDA24071133001CCE8A /* LevelSelection.storyboard in Resources */,
				125D629B240E1AFA00BD145C /* E12-ChristineSpecialY-Snap2.mp3 in Resources */,
				128487F02406FDA1000DC6F5 /* Assets.xcassets in Resources */,
				125D629C240E1AFA00BD145C /* E12-BubbleScreen14-Snap4.mp3 in Resources */,
				125D6296240E1AFA00BD145C /* E12-MotionZSweep-Snap1.mp3 in Resources */,
				125D629A240E1AFA00BD145C /* E12-AllStreaksGo-Snap3.mp3 in Resources */,
				125D6283240E15CD00BD145C /* Quiz.storyboard in Resources */,
				128FBEDE24071D84001CCE8A /* PositionSelection.storyboard in Resources */,
				128FBED824071119001CCE8A /* SportSelection.storyboard in Resources */,
				128487EE2406FD9E000DC6F5 /* Main.storyboard in Resources */,
			);
			runOnlyForDeploymentPostprocessing = 0;
		};
/* End PBXResourcesBuildPhase section */

/* Begin PBXSourcesBuildPhase section */
		128487DF2406FD9E000DC6F5 /* Sources */ = {
			isa = PBXSourcesBuildPhase;
			buildActionMask = 2147483647;
			files = (
				128FBEE6240726B7001CCE8A /* MainViewController.swift in Sources */,
				C3C5415024077F97001CEB16 /* LevelController.swift in Sources */,
				128487E72406FD9E000DC6F5 /* AppDelegate.swift in Sources */,
				1241E0A22411A85E00C00C9C /* QuizViewControllerThree.swift in Sources */,
				1241E0B72411F4A400C00C9C /* Score.swift in Sources */,
				128FBEEC240726F1001CCE8A /* TeamSelectionViewController.swift in Sources */,
				128FBEE8240726CD001CCE8A /* LevelSelectionViewController.swift in Sources */,
				C3C5415424077FBF001CEB16 /* TeamController.swift in Sources */,
				1241E0AC2411A8A200C00C9C /* QuizViewControllerEight.swift in Sources */,
				1241E0A42411A87000C00C9C /* QuizViewControllerFour.swift in Sources */,
				128FBEF9240756F5001CCE8A /* FormationController.swift in Sources */,
				12C5DB1A241164A600348314 /* QuizViewControllerOne.swift in Sources */,
				12C5DB1424109B4A00348314 /* AudioFile.swift in Sources */,
				1241E0B22411CA6200C00C9C /* QuizFinishedViewController.swift in Sources */,
				128FBEEE24072705001CCE8A /* PositionSelectionViewController.swift in Sources */,
				128FBEEA240726D7001CCE8A /* SportSelectionViewController.swift in Sources */,
				12C5DB182410A80100348314 /* SoundController.swift in Sources */,
				1241E0A02411A84E00C00C9C /* QuizViewControllerTwo.swift in Sources */,
				128487E92406FD9E000DC6F5 /* SceneDelegate.swift in Sources */,
				C3C5415224077FA9001CEB16 /* SportController.swift in Sources */,
				12C5DB1624109C1800348314 /* AudioFileController.swift in Sources */,
				1241E0A82411A88C00C00C9C /* QuizViewControllerSix.swift in Sources */,
				C3C54158240A04EE001CEB16 /* PositionController.swift in Sources */,
				1241E0A62411A88000C00C9C /* QuizViewControllerFive.swift in Sources */,
				125D6281240E04AE00BD145C /* FormationSelectionViewController.swift in Sources */,
				1241E0AE2411A8B300C00C9C /* QuizViewControllerNine.swift in Sources */,
				128FBEF5240744B1001CCE8A /* FormationCollectionViewCell.swift in Sources */,
				1241E0B02411A8D500C00C9C /* QuizViewControllerTen.swift in Sources */,
				1241E0AA2411A89800C00C9C /* QuizViewControllerSeven.swift in Sources */,
				128FBEF7240754D4001CCE8A /* Formation.swift in Sources */,
			);
			runOnlyForDeploymentPostprocessing = 0;
		};
/* End PBXSourcesBuildPhase section */

/* Begin PBXVariantGroup section */
		128487EC2406FD9E000DC6F5 /* Main.storyboard */ = {
			isa = PBXVariantGroup;
			children = (
				128487ED2406FD9E000DC6F5 /* Base */,
			);
			name = Main.storyboard;
			sourceTree = "<group>";
		};
		128487F12406FDA1000DC6F5 /* LaunchScreen.storyboard */ = {
			isa = PBXVariantGroup;
			children = (
				128487F22406FDA1000DC6F5 /* Base */,
			);
			name = LaunchScreen.storyboard;
			sourceTree = "<group>";
		};
/* End PBXVariantGroup section */

/* Begin XCBuildConfiguration section */
		128487F52406FDA1000DC6F5 /* Debug */ = {
			isa = XCBuildConfiguration;
			buildSettings = {
				ALWAYS_SEARCH_USER_PATHS = NO;
				CLANG_ANALYZER_NONNULL = YES;
				CLANG_ANALYZER_NUMBER_OBJECT_CONVERSION = YES_AGGRESSIVE;
				CLANG_CXX_LANGUAGE_STANDARD = "gnu++14";
				CLANG_CXX_LIBRARY = "libc++";
				CLANG_ENABLE_MODULES = YES;
				CLANG_ENABLE_OBJC_ARC = YES;
				CLANG_ENABLE_OBJC_WEAK = YES;
				CLANG_WARN_BLOCK_CAPTURE_AUTORELEASING = YES;
				CLANG_WARN_BOOL_CONVERSION = YES;
				CLANG_WARN_COMMA = YES;
				CLANG_WARN_CONSTANT_CONVERSION = YES;
				CLANG_WARN_DEPRECATED_OBJC_IMPLEMENTATIONS = YES;
				CLANG_WARN_DIRECT_OBJC_ISA_USAGE = YES_ERROR;
				CLANG_WARN_DOCUMENTATION_COMMENTS = YES;
				CLANG_WARN_EMPTY_BODY = YES;
				CLANG_WARN_ENUM_CONVERSION = YES;
				CLANG_WARN_INFINITE_RECURSION = YES;
				CLANG_WARN_INT_CONVERSION = YES;
				CLANG_WARN_NON_LITERAL_NULL_CONVERSION = YES;
				CLANG_WARN_OBJC_IMPLICIT_RETAIN_SELF = YES;
				CLANG_WARN_OBJC_LITERAL_CONVERSION = YES;
				CLANG_WARN_OBJC_ROOT_CLASS = YES_ERROR;
				CLANG_WARN_RANGE_LOOP_ANALYSIS = YES;
				CLANG_WARN_STRICT_PROTOTYPES = YES;
				CLANG_WARN_SUSPICIOUS_MOVE = YES;
				CLANG_WARN_UNGUARDED_AVAILABILITY = YES_AGGRESSIVE;
				CLANG_WARN_UNREACHABLE_CODE = YES;
				CLANG_WARN__DUPLICATE_METHOD_MATCH = YES;
				COPY_PHASE_STRIP = NO;
				DEBUG_INFORMATION_FORMAT = dwarf;
				ENABLE_STRICT_OBJC_MSGSEND = YES;
				ENABLE_TESTABILITY = YES;
				GCC_C_LANGUAGE_STANDARD = gnu11;
				GCC_DYNAMIC_NO_PIC = NO;
				GCC_NO_COMMON_BLOCKS = YES;
				GCC_OPTIMIZATION_LEVEL = 0;
				GCC_PREPROCESSOR_DEFINITIONS = (
					"DEBUG=1",
					"$(inherited)",
				);
				GCC_WARN_64_TO_32_BIT_CONVERSION = YES;
				GCC_WARN_ABOUT_RETURN_TYPE = YES_ERROR;
				GCC_WARN_UNDECLARED_SELECTOR = YES;
				GCC_WARN_UNINITIALIZED_AUTOS = YES_AGGRESSIVE;
				GCC_WARN_UNUSED_FUNCTION = YES;
				GCC_WARN_UNUSED_VARIABLE = YES;
				IPHONEOS_DEPLOYMENT_TARGET = 13.2;
				MTL_ENABLE_DEBUG_INFO = INCLUDE_SOURCE;
				MTL_FAST_MATH = YES;
				ONLY_ACTIVE_ARCH = YES;
				SDKROOT = iphoneos;
				SWIFT_ACTIVE_COMPILATION_CONDITIONS = DEBUG;
				SWIFT_OPTIMIZATION_LEVEL = "-Onone";
			};
			name = Debug;
		};
		128487F62406FDA1000DC6F5 /* Release */ = {
			isa = XCBuildConfiguration;
			buildSettings = {
				ALWAYS_SEARCH_USER_PATHS = NO;
				CLANG_ANALYZER_NONNULL = YES;
				CLANG_ANALYZER_NUMBER_OBJECT_CONVERSION = YES_AGGRESSIVE;
				CLANG_CXX_LANGUAGE_STANDARD = "gnu++14";
				CLANG_CXX_LIBRARY = "libc++";
				CLANG_ENABLE_MODULES = YES;
				CLANG_ENABLE_OBJC_ARC = YES;
				CLANG_ENABLE_OBJC_WEAK = YES;
				CLANG_WARN_BLOCK_CAPTURE_AUTORELEASING = YES;
				CLANG_WARN_BOOL_CONVERSION = YES;
				CLANG_WARN_COMMA = YES;
				CLANG_WARN_CONSTANT_CONVERSION = YES;
				CLANG_WARN_DEPRECATED_OBJC_IMPLEMENTATIONS = YES;
				CLANG_WARN_DIRECT_OBJC_ISA_USAGE = YES_ERROR;
				CLANG_WARN_DOCUMENTATION_COMMENTS = YES;
				CLANG_WARN_EMPTY_BODY = YES;
				CLANG_WARN_ENUM_CONVERSION = YES;
				CLANG_WARN_INFINITE_RECURSION = YES;
				CLANG_WARN_INT_CONVERSION = YES;
				CLANG_WARN_NON_LITERAL_NULL_CONVERSION = YES;
				CLANG_WARN_OBJC_IMPLICIT_RETAIN_SELF = YES;
				CLANG_WARN_OBJC_LITERAL_CONVERSION = YES;
				CLANG_WARN_OBJC_ROOT_CLASS = YES_ERROR;
				CLANG_WARN_RANGE_LOOP_ANALYSIS = YES;
				CLANG_WARN_STRICT_PROTOTYPES = YES;
				CLANG_WARN_SUSPICIOUS_MOVE = YES;
				CLANG_WARN_UNGUARDED_AVAILABILITY = YES_AGGRESSIVE;
				CLANG_WARN_UNREACHABLE_CODE = YES;
				CLANG_WARN__DUPLICATE_METHOD_MATCH = YES;
				COPY_PHASE_STRIP = NO;
				DEBUG_INFORMATION_FORMAT = "dwarf-with-dsym";
				ENABLE_NS_ASSERTIONS = NO;
				ENABLE_STRICT_OBJC_MSGSEND = YES;
				GCC_C_LANGUAGE_STANDARD = gnu11;
				GCC_NO_COMMON_BLOCKS = YES;
				GCC_WARN_64_TO_32_BIT_CONVERSION = YES;
				GCC_WARN_ABOUT_RETURN_TYPE = YES_ERROR;
				GCC_WARN_UNDECLARED_SELECTOR = YES;
				GCC_WARN_UNINITIALIZED_AUTOS = YES_AGGRESSIVE;
				GCC_WARN_UNUSED_FUNCTION = YES;
				GCC_WARN_UNUSED_VARIABLE = YES;
				IPHONEOS_DEPLOYMENT_TARGET = 13.2;
				MTL_ENABLE_DEBUG_INFO = NO;
				MTL_FAST_MATH = YES;
				SDKROOT = iphoneos;
				SWIFT_COMPILATION_MODE = wholemodule;
				SWIFT_OPTIMIZATION_LEVEL = "-O";
				VALIDATE_PRODUCT = YES;
			};
			name = Release;
		};
		128487F82406FDA1000DC6F5 /* Debug */ = {
			isa = XCBuildConfiguration;
			buildSettings = {
				ASSETCATALOG_COMPILER_APPICON_NAME = AppIcon;
				CODE_SIGN_STYLE = Automatic;
				DEVELOPMENT_TEAM = 6LFYUX3T4B;
				INFOPLIST_FILE = PlayCall/Info.plist;
				LD_RUNPATH_SEARCH_PATHS = (
					"$(inherited)",
					"@executable_path/Frameworks",
				);
				PRODUCT_BUNDLE_IDENTIFIER = com.jarrenc.PlayCall;
				PRODUCT_NAME = "$(TARGET_NAME)";
				SWIFT_VERSION = 5.0;
				TARGETED_DEVICE_FAMILY = "1,2";
			};
			name = Debug;
		};
		128487F92406FDA1000DC6F5 /* Release */ = {
			isa = XCBuildConfiguration;
			buildSettings = {
				ASSETCATALOG_COMPILER_APPICON_NAME = AppIcon;
				CODE_SIGN_STYLE = Automatic;
				DEVELOPMENT_TEAM = 6LFYUX3T4B;
				INFOPLIST_FILE = PlayCall/Info.plist;
				LD_RUNPATH_SEARCH_PATHS = (
					"$(inherited)",
					"@executable_path/Frameworks",
				);
				PRODUCT_BUNDLE_IDENTIFIER = com.jarrenc.PlayCall;
				PRODUCT_NAME = "$(TARGET_NAME)";
				SWIFT_VERSION = 5.0;
				TARGETED_DEVICE_FAMILY = "1,2";
			};
			name = Release;
		};
/* End XCBuildConfiguration section */

/* Begin XCConfigurationList section */
		128487DE2406FD9E000DC6F5 /* Build configuration list for PBXProject "PlayCall" */ = {
			isa = XCConfigurationList;
			buildConfigurations = (
				128487F52406FDA1000DC6F5 /* Debug */,
				128487F62406FDA1000DC6F5 /* Release */,
			);
			defaultConfigurationIsVisible = 0;
			defaultConfigurationName = Release;
		};
		128487F72406FDA1000DC6F5 /* Build configuration list for PBXNativeTarget "PlayCall" */ = {
			isa = XCConfigurationList;
			buildConfigurations = (
				128487F82406FDA1000DC6F5 /* Debug */,
				128487F92406FDA1000DC6F5 /* Release */,
			);
			defaultConfigurationIsVisible = 0;
			defaultConfigurationName = Release;
		};
/* End XCConfigurationList section */
	};
	rootObject = 128487DB2406FD9E000DC6F5 /* Project object */;
}
